// !$*UTF8*$!
{
	archiveVersion = 1;
	classes = {
	};
	objectVersion = 50;
	objects = {

/* Begin PBXBuildFile section */
		145295402386F3CD0097DB99 /* AppDelegate.swift in Sources */ = {isa = PBXBuildFile; fileRef = 1452953F2386F3CD0097DB99 /* AppDelegate.swift */; };
		145295422386F3CD0097DB99 /* MainViewController.swift in Sources */ = {isa = PBXBuildFile; fileRef = 145295412386F3CD0097DB99 /* MainViewController.swift */; };
		145295452386F3CD0097DB99 /* Main.storyboard in Resources */ = {isa = PBXBuildFile; fileRef = 145295432386F3CD0097DB99 /* Main.storyboard */; };
		145295472386F3D50097DB99 /* Assets.xcassets in Resources */ = {isa = PBXBuildFile; fileRef = 145295462386F3D50097DB99 /* Assets.xcassets */; };
		1452954A2386F3D50097DB99 /* LaunchScreen.storyboard in Resources */ = {isa = PBXBuildFile; fileRef = 145295482386F3D50097DB99 /* LaunchScreen.storyboard */; };
		145295552386F50A0097DB99 /* SobreViewController.swift in Sources */ = {isa = PBXBuildFile; fileRef = 145295542386F50A0097DB99 /* SobreViewController.swift */; };
/* End PBXBuildFile section */

/* Begin PBXFileReference section */
		1452953C2386F3CD0097DB99 /* Tres formas.app */ = {isa = PBXFileReference; explicitFileType = wrapper.application; includeInIndex = 0; path = "Tres formas.app"; sourceTree = BUILT_PRODUCTS_DIR; };
		1452953F2386F3CD0097DB99 /* AppDelegate.swift */ = {isa = PBXFileReference; lastKnownFileType = sourcecode.swift; path = AppDelegate.swift; sourceTree = "<group>"; };
		145295412386F3CD0097DB99 /* MainViewController.swift */ = {isa = PBXFileReference; lastKnownFileType = sourcecode.swift; path = MainViewController.swift; sourceTree = "<group>"; };
		145295442386F3CD0097DB99 /* Base */ = {isa = PBXFileReference; lastKnownFileType = file.storyboard; name = Base; path = Base.lproj/Main.storyboard; sourceTree = "<group>"; };
		145295462386F3D50097DB99 /* Assets.xcassets */ = {isa = PBXFileReference; lastKnownFileType = folder.assetcatalog; path = Assets.xcassets; sourceTree = "<group>"; };
		145295492386F3D50097DB99 /* Base */ = {isa = PBXFileReference; lastKnownFileType = file.storyboard; name = Base; path = Base.lproj/LaunchScreen.storyboard; sourceTree = "<group>"; };
		1452954B2386F3D50097DB99 /* Info.plist */ = {isa = PBXFileReference; lastKnownFileType = text.plist.xml; path = Info.plist; sourceTree = "<group>"; };
		145295542386F50A0097DB99 /* SobreViewController.swift */ = {isa = PBXFileReference; lastKnownFileType = sourcecode.swift; path = SobreViewController.swift; sourceTree = "<group>"; };
/* End PBXFileReference section */

/* Begin PBXFrameworksBuildPhase section */
		145295392386F3CD0097DB99 /* Frameworks */ = {
			isa = PBXFrameworksBuildPhase;
			buildActionMask = 2147483647;
			files = (
			);
			runOnlyForDeploymentPostprocessing = 0;
		};
/* End PBXFrameworksBuildPhase section */

/* Begin PBXGroup section */
		145295332386F3CD0097DB99 = {
			isa = PBXGroup;
			children = (
				1452953E2386F3CD0097DB99 /* Tres formas */,
				1452953D2386F3CD0097DB99 /* Products */,
			);
			sourceTree = "<group>";
		};
		1452953D2386F3CD0097DB99 /* Products */ = {
			isa = PBXGroup;
			children = (
				1452953C2386F3CD0097DB99 /* Tres formas.app */,
			);
			name = Products;
			sourceTree = "<group>";
		};
		1452953E2386F3CD0097DB99 /* Tres formas */ = {
			isa = PBXGroup;
			children = (
				145295532386F4480097DB99 /* controller */,
				145295522386F4410097DB99 /* view */,
				145295512386F43A0097DB99 /* model */,
				1452953F2386F3CD0097DB99 /* AppDelegate.swift */,
				145295462386F3D50097DB99 /* Assets.xcassets */,
				145295482386F3D50097DB99 /* LaunchScreen.storyboard */,
				1452954B2386F3D50097DB99 /* Info.plist */,
			);
			path = "Tres formas";
			sourceTree = "<group>";
		};
		145295512386F43A0097DB99 /* model */ = {
			isa = PBXGroup;
			children = (
			);
			path = model;
			sourceTree = "<group>";
		};
		145295522386F4410097DB99 /* view */ = {
			isa = PBXGroup;
			children = (
				145295432386F3CD0097DB99 /* Main.storyboard */,
			);
			path = view;
			sourceTree = "<group>";
		};
		145295532386F4480097DB99 /* controller */ = {
			isa = PBXGroup;
			children = (
				145295412386F3CD0097DB99 /* MainViewController.swift */,
				145295542386F50A0097DB99 /* SobreViewController.swift */,
			);
			path = controller;
			sourceTree = "<group>";
		};
/* End PBXGroup section */

/* Begin PBXNativeTarget section */
		1452953B2386F3CD0097DB99 /* Tres formas */ = {
			isa = PBXNativeTarget;
			buildConfigurationList = 1452954E2386F3D50097DB99 /* Build configuration list for PBXNativeTarget "Tres formas" */;
			buildPhases = (
				145295382386F3CD0097DB99 /* Sources */,
				145295392386F3CD0097DB99 /* Frameworks */,
				1452953A2386F3CD0097DB99 /* Resources */,
			);
			buildRules = (
			);
			dependencies = (
			);
			name = "Tres formas";
			productName = "Tres formas";
			productReference = 1452953C2386F3CD0097DB99 /* Tres formas.app */;
			productType = "com.apple.product-type.application";
		};
/* End PBXNativeTarget section */

/* Begin PBXProject section */
		145295342386F3CD0097DB99 /* Project object */ = {
			isa = PBXProject;
			attributes = {
				LastSwiftUpdateCheck = 1010;
				LastUpgradeCheck = 1010;
				ORGANIZATIONNAME = IFPB;
				TargetAttributes = {
					1452953B2386F3CD0097DB99 = {
						CreatedOnToolsVersion = 10.1;
					};
				};
			};
			buildConfigurationList = 145295372386F3CD0097DB99 /* Build configuration list for PBXProject "Tres formas" */;
			compatibilityVersion = "Xcode 9.3";
			developmentRegion = en;
			hasScannedForEncodings = 0;
			knownRegions = (
				en,
				Base,
			);
			mainGroup = 145295332386F3CD0097DB99;
			productRefGroup = 1452953D2386F3CD0097DB99 /* Products */;
			projectDirPath = "";
			projectRoot = "";
			targets = (
				1452953B2386F3CD0097DB99 /* Tres formas */,
			);
		};
/* End PBXProject section */

/* Begin PBXResourcesBuildPhase section */
		1452953A2386F3CD0097DB99 /* Resources */ = {
			isa = PBXResourcesBuildPhase;
			buildActionMask = 2147483647;
			files = (
				1452954A2386F3D50097DB99 /* LaunchScreen.storyboard in Resources */,
				145295472386F3D50097DB99 /* Assets.xcassets in Resources */,
				145295452386F3CD0097DB99 /* Main.storyboard in Resources */,
			);
			runOnlyForDeploymentPostprocessing = 0;
		};
/* End PBXResourcesBuildPhase section */

/* Begin PBXSourcesBuildPhase section */
		145295382386F3CD0097DB99 /* Sources */ = {
			isa = PBXSourcesBuildPhase;
			buildActionMask = 2147483647;
			files = (
				145295552386F50A0097DB99 /* SobreViewController.swift in Sources */,
				145295422386F3CD0097DB99 /* MainViewController.swift in Sources */,
				145295402386F3CD0097DB99 /* AppDelegate.swift in Sources */,
			);
			runOnlyForDeploymentPostprocessing = 0;
		};
/* End PBXSourcesBuildPhase section */

/* Begin PBXVariantGroup section */
		145295432386F3CD0097DB99 /* Main.storyboard */ = {
			isa = PBXVariantGroup;
			children = (
				145295442386F3CD0097DB99 /* Base */,
			);
			name = Main.storyboard;
			sourceTree = "<group>";
		};
		145295482386F3D50097DB99 /* LaunchScreen.storyboard */ = {
			isa = PBXVariantGroup;
			children = (
				145295492386F3D50097DB99 /* Base */,
			);
			name = LaunchScreen.storyboard;
			sourceTree = "<group>";
		};
/* End PBXVariantGroup section */

/* Begin XCBuildConfiguration section */
		1452954C2386F3D50097DB99 /* Debug */ = {
			isa = XCBuildConfiguration;
			buildSettings = {
				ALWAYS_SEARCH_USER_PATHS = NO;
				CLANG_ANALYZER_NONNULL = YES;
				CLANG_ANALYZER_NUMBER_OBJECT_CONVERSION = YES_AGGRESSIVE;
				CLANG_CXX_LANGUAGE_STANDARD = "gnu++14";
				CLANG_CXX_LIBRARY = "libc++";
				CLANG_ENABLE_MODULES = YES;
				CLANG_ENABLE_OBJC_ARC = YES;
				CLANG_ENABLE_OBJC_WEAK = YES;
				CLANG_WARN_BLOCK_CAPTURE_AUTORELEASING = YES;
				CLANG_WARN_BOOL_CONVERSION = YES;
				CLANG_WARN_COMMA = YES;
				CLANG_WARN_CONSTANT_CONVERSION = YES;
				CLANG_WARN_DEPRECATED_OBJC_IMPLEMENTATIONS = YES;
				CLANG_WARN_DIRECT_OBJC_ISA_USAGE = YES_ERROR;
				CLANG_WARN_DOCUMENTATION_COMMENTS = YES;
				CLANG_WARN_EMPTY_BODY = YES;
				CLANG_WARN_ENUM_CONVERSION = YES;
				CLANG_WARN_INFINITE_RECURSION = YES;
				CLANG_WARN_INT_CONVERSION = YES;
				CLANG_WARN_NON_LITERAL_NULL_CONVERSION = YES;
				CLANG_WARN_OBJC_IMPLICIT_RETAIN_SELF = YES;
				CLANG_WARN_OBJC_LITERAL_CONVERSION = YES;
				CLANG_WARN_OBJC_ROOT_CLASS = YES_ERROR;
				CLANG_WARN_RANGE_LOOP_ANALYSIS = YES;
				CLANG_WARN_STRICT_PROTOTYPES = YES;
				CLANG_WARN_SUSPICIOUS_MOVE = YES;
				CLANG_WARN_UNGUARDED_AVAILABILITY = YES_AGGRESSIVE;
				CLANG_WARN_UNREACHABLE_CODE = YES;
				CLANG_WARN__DUPLICATE_METHOD_MATCH = YES;
				CODE_SIGN_IDENTITY = "iPhone Developer";
				COPY_PHASE_STRIP = NO;
				DEBUG_INFORMATION_FORMAT = dwarf;
				ENABLE_STRICT_OBJC_MSGSEND = YES;
				ENABLE_TESTABILITY = YES;
				GCC_C_LANGUAGE_STANDARD = gnu11;
				GCC_DYNAMIC_NO_PIC = NO;
				GCC_NO_COMMON_BLOCKS = YES;
				GCC_OPTIMIZATION_LEVEL = 0;
				GCC_PREPROCESSOR_DEFINITIONS = (
					"DEBUG=1",
					"$(inherited)",
				);
				GCC_WARN_64_TO_32_BIT_CONVERSION = YES;
				GCC_WARN_ABOUT_RETURN_TYPE = YES_ERROR;
				GCC_WARN_UNDECLARED_SELECTOR = YES;
				GCC_WARN_UNINITIALIZED_AUTOS = YES_AGGRESSIVE;
				GCC_WARN_UNUSED_FUNCTION = YES;
				GCC_WARN_UNUSED_VARIABLE = YES;
				IPHONEOS_DEPLOYMENT_TARGET = 12.1;
				MTL_ENABLE_DEBUG_INFO = INCLUDE_SOURCE;
				MTL_FAST_MATH = YES;
				ONLY_ACTIVE_ARCH = YES;
				SDKROOT = iphoneos;
				SWIFT_ACTIVE_COMPILATION_CONDITIONS = DEBUG;
				SWIFT_OPTIMIZATION_LEVEL = "-Onone";
			};
			name = Debug;
		};
		1452954D2386F3D50097DB99 /* Release */ = {
			isa = XCBuildConfiguration;
			buildSettings = {
				ALWAYS_SEARCH_USER_PATHS = NO;
				CLANG_ANALYZER_NONNULL = YES;
				CLANG_ANALYZER_NUMBER_OBJECT_CONVERSION = YES_AGGRESSIVE;
				CLANG_CXX_LANGUAGE_STANDARD = "gnu++14";
				CLANG_CXX_LIBRARY = "libc++";
				CLANG_ENABLE_MODULES = YES;
				CLANG_ENABLE_OBJC_ARC = YES;
				CLANG_ENABLE_OBJC_WEAK = YES;
				CLANG_WARN_BLOCK_CAPTURE_AUTORELEASING = YES;
				CLANG_WARN_BOOL_CONVERSION = YES;
				CLANG_WARN_COMMA = YES;
				CLANG_WARN_CONSTANT_CONVERSION = YES;
				CLANG_WARN_DEPRECATED_OBJC_IMPLEMENTATIONS = YES;
				CLANG_WARN_DIRECT_OBJC_ISA_USAGE = YES_ERROR;
				CLANG_WARN_DOCUMENTATION_COMMENTS = YES;
				CLANG_WARN_EMPTY_BODY = YES;
				CLANG_WARN_ENUM_CONVERSION = YES;
				CLANG_WARN_INFINITE_RECURSION = YES;
				CLANG_WARN_INT_CONVERSION = YES;
				CLANG_WARN_NON_LITERAL_NULL_CONVERSION = YES;
				CLANG_WARN_OBJC_IMPLICIT_RETAIN_SELF = YES;
				CLANG_WARN_OBJC_LITERAL_CONVERSION = YES;
				CLANG_WARN_OBJC_ROOT_CLASS = YES_ERROR;
				CLANG_WARN_RANGE_LOOP_ANALYSIS = YES;
				CLANG_WARN_STRICT_PROTOTYPES = YES;
				CLANG_WARN_SUSPICIOUS_MOVE = YES;
				CLANG_WARN_UNGUARDED_AVAILABILITY = YES_AGGRESSIVE;
				CLANG_WARN_UNREACHABLE_CODE = YES;
				CLANG_WARN__DUPLICATE_METHOD_MATCH = YES;
				CODE_SIGN_IDENTITY = "iPhone Developer";
				COPY_PHASE_STRIP = NO;
				DEBUG_INFORMATION_FORMAT = "dwarf-with-dsym";
				ENABLE_NS_ASSERTIONS = NO;
				ENABLE_STRICT_OBJC_MSGSEND = YES;
				GCC_C_LANGUAGE_STANDARD = gnu11;
				GCC_NO_COMMON_BLOCKS = YES;
				GCC_WARN_64_TO_32_BIT_CONVERSION = YES;
				GCC_WARN_ABOUT_RETURN_TYPE = YES_ERROR;
				GCC_WARN_UNDECLARED_SELECTOR = YES;
				GCC_WARN_UNINITIALIZED_AUTOS = YES_AGGRESSIVE;
				GCC_WARN_UNUSED_FUNCTION = YES;
				GCC_WARN_UNUSED_VARIABLE = YES;
				IPHONEOS_DEPLOYMENT_TARGET = 12.1;
				MTL_ENABLE_DEBUG_INFO = NO;
				MTL_FAST_MATH = YES;
				SDKROOT = iphoneos;
				SWIFT_COMPILATION_MODE = wholemodule;
				SWIFT_OPTIMIZATION_LEVEL = "-O";
				VALIDATE_PRODUCT = YES;
			};
			name = Release;
		};
		1452954F2386F3D50097DB99 /* Debug */ = {
			isa = XCBuildConfiguration;
			buildSettings = {
				ASSETCATALOG_COMPILER_APPICON_NAME = AppIcon;
				CODE_SIGN_STYLE = Automatic;
				INFOPLIST_FILE = "Tres formas/Info.plist";
				LD_RUNPATH_SEARCH_PATHS = (
					"$(inherited)",
					"@executable_path/Frameworks",
				);
				PRODUCT_BUNDLE_IDENTIFIER = "br.edu.ifpb.Tres-formas";
				PRODUCT_NAME = "$(TARGET_NAME)";
				SWIFT_VERSION = 4.2;
				TARGETED_DEVICE_FAMILY = "1,2";
			};
			name = Debug;
		};
		145295502386F3D50097DB99 /* Release */ = {
			isa = XCBuildConfiguration;
			buildSettings = {
				ASSETCATALOG_COMPILER_APPICON_NAME = AppIcon;
				CODE_SIGN_STYLE = Automatic;
				INFOPLIST_FILE = "Tres formas/Info.plist";
				LD_RUNPATH_SEARCH_PATHS = (
					"$(inherited)",
					"@executable_path/Frameworks",
				);
				PRODUCT_BUNDLE_IDENTIFIER = "br.edu.ifpb.Tres-formas";
				PRODUCT_NAME = "$(TARGET_NAME)";
				SWIFT_VERSION = 4.2;
				TARGETED_DEVICE_FAMILY = "1,2";
			};
			name = Release;
		};
/* End XCBuildConfiguration section */

/* Begin XCConfigurationList section */
		145295372386F3CD0097DB99 /* Build configuration list for PBXProject "Tres formas" */ = {
			isa = XCConfigurationList;
			buildConfigurations = (
				1452954C2386F3D50097DB99 /* Debug */,
				1452954D2386F3D50097DB99 /* Release */,
			);
			defaultConfigurationIsVisible = 0;
			defaultConfigurationName = Release;
		};
		1452954E2386F3D50097DB99 /* Build configuration list for PBXNativeTarget "Tres formas" */ = {
			isa = XCConfigurationList;
			buildConfigurations = (
				1452954F2386F3D50097DB99 /* Debug */,
				145295502386F3D50097DB99 /* Release */,
			);
			defaultConfigurationIsVisible = 0;
			defaultConfigurationName = Release;
		};
/* End XCConfigurationList section */
	};
	rootObject = 145295342386F3CD0097DB99 /* Project object */;
}
